<?xml version="1.0" encoding="utf-8"?>
<Project ToolsVersion="17.0" xmlns="http://schemas.microsoft.com/developer/msbuild/2003">
  <ItemGroup>
    <CustomBuild Include="C:\Users\nobem\Documents\Github\Asteroids-Flame\asteroids\build\windows\x64\CMakeFiles\c4298442eaf38b8f7c3c9eb97e95afc9\INSTALL_force.rule">
      <Filter>CMake Rules</Filter>
    </CustomBuild>
  </ItemGroup>
  <ItemGroup>
    <Filter Include="CMake Rules">
      <UniqueIdentifier>{99A57065-CD6B-37FB-A1F8-5F2FE6236452}</UniqueIdentifier>
    </Filter>
  </ItemGroup>
</Project>
